
Microsoft Visual Studio Solution File, Format Version 12.00
# Visual Studio Version 17
VisualStudioVersion = 17.9.34714.143
MinimumVisualStudioVersion = 10.0.40219.1
Project("{8BC9CEB8-8B4A-11D0-8D11-00A0C91BC942}") = "Pgm04", "Pgm04\Pgm04.vcxproj", "{36A8E2F9-B890-4FE2-BF09-3E44A25642D8}"
EndProject
Global
	GlobalSection(SolutionConfigurationPlatforms) = preSolution
		Debug|x64 = Debug|x64
		Debug|x86 = Debug|x86
		Release|x64 = Release|x64
		Release|x86 = Release|x86
	EndGlobalSection
	GlobalSection(ProjectConfigurationPlatforms) = postSolution
		{36A8E2F9-B890-4FE2-BF09-3E44A25642D8}.Debug|x64.ActiveCfg = Debug|x64
		{36A8E2F9-B890-4FE2-BF09-3E44A25642D8}.Debug|x64.Build.0 = Debug|x64
		{36A8E2F9-B890-4FE2-BF09-3E44A25642D8}.Debug|x86.ActiveCfg = Debug|Win32
		{36A8E2F9-B890-4FE2-BF09-3E44A25642D8}.Debug|x86.Build.0 = Debug|Win32
		{36A8E2F9-B890-4FE2-BF09-3E44A25642D8}.Release|x64.ActiveCfg = Release|x64
		{36A8E2F9-B890-4FE2-BF09-3E44A25642D8}.Release|x64.Build.0 = Release|x64
		{36A8E2F9-B890-4FE2-BF09-3E44A25642D8}.Release|x86.ActiveCfg = Release|Win32
		{36A8E2F9-B890-4FE2-BF09-3E44A25642D8}.Release|x86.Build.0 = Release|Win32
	EndGlobalSection
	GlobalSection(SolutionProperties) = preSolution
		HideSolutionNode = FALSE
	EndGlobalSection
	GlobalSection(ExtensibilityGlobals) = postSolution
		SolutionGuid = {F22D3160-A125-4E00-9509-4FE1D125A042}
	EndGlobalSection
EndGlobal
